
Microsoft Visual Studio Solution File, Format Version 12.00
# Visual Studio Version 17
VisualStudioVersion = 17.14.36221.1 d17.14
MinimumVisualStudioVersion = 10.0.40219.1
Project("{FAE04EC0-301F-11D3-BF4B-00C04F79EFBC}") = "The End", "The End\The End.csproj", "{A1E625A2-74DC-433D-A3C0-BAE5E32EB5E0}"
EndProject
Global
	GlobalSection(SolutionConfigurationPlatforms) = preSolution
		Debug|Any CPU = Debug|Any CPU
		Release|Any CPU = Release|Any CPU
	EndGlobalSection
	GlobalSection(ProjectConfigurationPlatforms) = postSolution
		{A1E625A2-74DC-433D-A3C0-BAE5E32EB5E0}.Debug|Any CPU.ActiveCfg = Debug|Any CPU
		{A1E625A2-74DC-433D-A3C0-BAE5E32EB5E0}.Debug|Any CPU.Build.0 = Debug|Any CPU
		{A1E625A2-74DC-433D-A3C0-BAE5E32EB5E0}.Release|Any CPU.ActiveCfg = Release|Any CPU
		{A1E625A2-74DC-433D-A3C0-BAE5E32EB5E0}.Release|Any CPU.Build.0 = Release|Any CPU
	EndGlobalSection
	GlobalSection(SolutionProperties) = preSolution
		HideSolutionNode = FALSE
	EndGlobalSection
	GlobalSection(ExtensibilityGlobals) = postSolution
		SolutionGuid = {CA3C2D18-030E-48AE-B660-7969F4E33BB2}
	EndGlobalSection
EndGlobal
